// !$*UTF8*$!
{
	archiveVersion = 1;
	classes = {
	};
	objectVersion = 46;
	objects = {

/* Begin PBXBuildFile section */
		A2A66CC21DE28FEC0005D354 /* AppDelegate.swift in Sources */ = {isa = PBXBuildFile; fileRef = A2A66CC11DE28FEC0005D354 /* AppDelegate.swift */; };
		A2A66CC41DE28FEC0005D354 /* ViewController.swift in Sources */ = {isa = PBXBuildFile; fileRef = A2A66CC31DE28FEC0005D354 /* ViewController.swift */; };
		A2A66CC71DE28FEC0005D354 /* Main.storyboard in Resources */ = {isa = PBXBuildFile; fileRef = A2A66CC51DE28FEC0005D354 /* Main.storyboard */; };
		A2A66CC91DE28FEC0005D354 /* Assets.xcassets in Resources */ = {isa = PBXBuildFile; fileRef = A2A66CC81DE28FEC0005D354 /* Assets.xcassets */; };
		A2A66CCC1DE28FEC0005D354 /* LaunchScreen.storyboard in Resources */ = {isa = PBXBuildFile; fileRef = A2A66CCA1DE28FEC0005D354 /* LaunchScreen.storyboard */; };
/* End PBXBuildFile section */

/* Begin PBXFileReference section */
		A2A66CBE1DE28FEC0005D354 /* BlackJack_using_StackView.app */ = {isa = PBXFileReference; explicitFileType = wrapper.application; includeInIndex = 0; path = BlackJack_using_StackView.app; sourceTree = BUILT_PRODUCTS_DIR; };
		A2A66CC11DE28FEC0005D354 /* AppDelegate.swift */ = {isa = PBXFileReference; lastKnownFileType = sourcecode.swift; path = AppDelegate.swift; sourceTree = "<group>"; };
		A2A66CC31DE28FEC0005D354 /* ViewController.swift */ = {isa = PBXFileReference; lastKnownFileType = sourcecode.swift; path = ViewController.swift; sourceTree = "<group>"; };
		A2A66CC61DE28FEC0005D354 /* Base */ = {isa = PBXFileReference; lastKnownFileType = file.storyboard; name = Base; path = Base.lproj/Main.storyboard; sourceTree = "<group>"; };
		A2A66CC81DE28FEC0005D354 /* Assets.xcassets */ = {isa = PBXFileReference; lastKnownFileType = folder.assetcatalog; path = Assets.xcassets; sourceTree = "<group>"; };
		A2A66CCB1DE28FEC0005D354 /* Base */ = {isa = PBXFileReference; lastKnownFileType = file.storyboard; name = Base; path = Base.lproj/LaunchScreen.storyboard; sourceTree = "<group>"; };
		A2A66CCD1DE28FEC0005D354 /* Info.plist */ = {isa = PBXFileReference; lastKnownFileType = text.plist.xml; path = Info.plist; sourceTree = "<group>"; };
/* End PBXFileReference section */

/* Begin PBXFrameworksBuildPhase section */
		A2A66CBB1DE28FEC0005D354 /* Frameworks */ = {
			isa = PBXFrameworksBuildPhase;
			buildActionMask = 2147483647;
			files = (
			);
			runOnlyForDeploymentPostprocessing = 0;
		};
/* End PBXFrameworksBuildPhase section */

/* Begin PBXGroup section */
		A2A66CB51DE28FEC0005D354 = {
			isa = PBXGroup;
			children = (
				A2A66CC01DE28FEC0005D354 /* BlackJack_using_StackView */,
				A2A66CBF1DE28FEC0005D354 /* Products */,
			);
			sourceTree = "<group>";
		};
		A2A66CBF1DE28FEC0005D354 /* Products */ = {
			isa = PBXGroup;
			children = (
				A2A66CBE1DE28FEC0005D354 /* BlackJack_using_StackView.app */,
			);
			name = Products;
			sourceTree = "<group>";
		};
		A2A66CC01DE28FEC0005D354 /* BlackJack_using_StackView */ = {
			isa = PBXGroup;
			children = (
				A2A66CC11DE28FEC0005D354 /* AppDelegate.swift */,
				A2A66CC31DE28FEC0005D354 /* ViewController.swift */,
				A2A66CC51DE28FEC0005D354 /* Main.storyboard */,
				A2A66CC81DE28FEC0005D354 /* Assets.xcassets */,
				A2A66CCA1DE28FEC0005D354 /* LaunchScreen.storyboard */,
				A2A66CCD1DE28FEC0005D354 /* Info.plist */,
			);
			path = BlackJack_using_StackView;
			sourceTree = "<group>";
		};
/* End PBXGroup section */

/* Begin PBXNativeTarget section */
		A2A66CBD1DE28FEC0005D354 /* BlackJack_using_StackView */ = {
			isa = PBXNativeTarget;
			buildConfigurationList = A2A66CD01DE28FEC0005D354 /* Build configuration list for PBXNativeTarget "BlackJack_using_StackView" */;
			buildPhases = (
				A2A66CBA1DE28FEC0005D354 /* Sources */,
				A2A66CBB1DE28FEC0005D354 /* Frameworks */,
				A2A66CBC1DE28FEC0005D354 /* Resources */,
			);
			buildRules = (
			);
			dependencies = (
			);
			name = BlackJack_using_StackView;
			productName = BlackJack_using_StackView;
			productReference = A2A66CBE1DE28FEC0005D354 /* BlackJack_using_StackView.app */;
			productType = "com.apple.product-type.application";
		};
/* End PBXNativeTarget section */

/* Begin PBXProject section */
		A2A66CB61DE28FEC0005D354 /* Project object */ = {
			isa = PBXProject;
			attributes = {
				LastSwiftUpdateCheck = 0800;
				LastUpgradeCheck = 0800;
				ORGANIZATIONNAME = "SMIT DOSHI";
				TargetAttributes = {
					A2A66CBD1DE28FEC0005D354 = {
						CreatedOnToolsVersion = 8.0;
						ProvisioningStyle = Automatic;
					};
				};
			};
			buildConfigurationList = A2A66CB91DE28FEC0005D354 /* Build configuration list for PBXProject "BlackJack_using_StackView" */;
			compatibilityVersion = "Xcode 3.2";
			developmentRegion = English;
			hasScannedForEncodings = 0;
			knownRegions = (
				en,
				Base,
			);
			mainGroup = A2A66CB51DE28FEC0005D354;
			productRefGroup = A2A66CBF1DE28FEC0005D354 /* Products */;
			projectDirPath = "";
			projectRoot = "";
			targets = (
				A2A66CBD1DE28FEC0005D354 /* BlackJack_using_StackView */,
			);
		};
/* End PBXProject section */

/* Begin PBXResourcesBuildPhase section */
		A2A66CBC1DE28FEC0005D354 /* Resources */ = {
			isa = PBXResourcesBuildPhase;
			buildActionMask = 2147483647;
			files = (
				A2A66CCC1DE28FEC0005D354 /* LaunchScreen.storyboard in Resources */,
				A2A66CC91DE28FEC0005D354 /* Assets.xcassets in Resources */,
				A2A66CC71DE28FEC0005D354 /* Main.storyboard in Resources */,
			);
			runOnlyForDeploymentPostprocessing = 0;
		};
/* End PBXResourcesBuildPhase section */

/* Begin PBXSourcesBuildPhase section */
		A2A66CBA1DE28FEC0005D354 /* Sources */ = {
			isa = PBXSourcesBuildPhase;
			buildActionMask = 2147483647;
			files = (
				A2A66CC41DE28FEC0005D354 /* ViewController.swift in Sources */,
				A2A66CC21DE28FEC0005D354 /* AppDelegate.swift in Sources */,
			);
			runOnlyForDeploymentPostprocessing = 0;
		};
/* End PBXSourcesBuildPhase section */

/* Begin PBXVariantGroup section */
		A2A66CC51DE28FEC0005D354 /* Main.storyboard */ = {
			isa = PBXVariantGroup;
			children = (
				A2A66CC61DE28FEC0005D354 /* Base */,
			);
			name = Main.storyboard;
			sourceTree = "<group>";
		};
		A2A66CCA1DE28FEC0005D354 /* LaunchScreen.storyboard */ = {
			isa = PBXVariantGroup;
			children = (
				A2A66CCB1DE28FEC0005D354 /* Base */,
			);
			name = LaunchScreen.storyboard;
			sourceTree = "<group>";
		};
/* End PBXVariantGroup section */

/* Begin XCBuildConfiguration section */
		A2A66CCE1DE28FEC0005D354 /* Debug */ = {
			isa = XCBuildConfiguration;
			buildSettings = {
				ALWAYS_SEARCH_USER_PATHS = NO;
				CLANG_ANALYZER_NONNULL = YES;
				CLANG_CXX_LANGUAGE_STANDARD = "gnu++0x";
				CLANG_CXX_LIBRARY = "libc++";
				CLANG_ENABLE_MODULES = YES;
				CLANG_ENABLE_OBJC_ARC = YES;
				CLANG_WARN_BOOL_CONVERSION = YES;
				CLANG_WARN_CONSTANT_CONVERSION = YES;
				CLANG_WARN_DIRECT_OBJC_ISA_USAGE = YES_ERROR;
				CLANG_WARN_DOCUMENTATION_COMMENTS = YES;
				CLANG_WARN_EMPTY_BODY = YES;
				CLANG_WARN_ENUM_CONVERSION = YES;
				CLANG_WARN_INFINITE_RECURSION = YES;
				CLANG_WARN_INT_CONVERSION = YES;
				CLANG_WARN_OBJC_ROOT_CLASS = YES_ERROR;
				CLANG_WARN_SUSPICIOUS_MOVES = YES;
				CLANG_WARN_UNREACHABLE_CODE = YES;
				CLANG_WARN__DUPLICATE_METHOD_MATCH = YES;
				"CODE_SIGN_IDENTITY[sdk=iphoneos*]" = "iPhone Developer";
				COPY_PHASE_STRIP = NO;
				DEBUG_INFORMATION_FORMAT = dwarf;
				ENABLE_STRICT_OBJC_MSGSEND = YES;
				ENABLE_TESTABILITY = YES;
				GCC_C_LANGUAGE_STANDARD = gnu99;
				GCC_DYNAMIC_NO_PIC = NO;
				GCC_NO_COMMON_BLOCKS = YES;
				GCC_OPTIMIZATION_LEVEL = 0;
				GCC_PREPROCESSOR_DEFINITIONS = (
					"DEBUG=1",
					"$(inherited)",
				);
				GCC_WARN_64_TO_32_BIT_CONVERSION = YES;
				GCC_WARN_ABOUT_RETURN_TYPE = YES_ERROR;
				GCC_WARN_UNDECLARED_SELECTOR = YES;
				GCC_WARN_UNINITIALIZED_AUTOS = YES_AGGRESSIVE;
				GCC_WARN_UNUSED_FUNCTION = YES;
				GCC_WARN_UNUSED_VARIABLE = YES;
				IPHONEOS_DEPLOYMENT_TARGET = 10.0;
				MTL_ENABLE_DEBUG_INFO = YES;
				ONLY_ACTIVE_ARCH = YES;
				SDKROOT = iphoneos;
				SWIFT_ACTIVE_COMPILATION_CONDITIONS = DEBUG;
				SWIFT_OPTIMIZATION_LEVEL = "-Onone";
			};
			name = Debug;
		};
		A2A66CCF1DE28FEC0005D354 /* Release */ = {
			isa = XCBuildConfiguration;
			buildSettings = {
				ALWAYS_SEARCH_USER_PATHS = NO;
				CLANG_ANALYZER_NONNULL = YES;
				CLANG_CXX_LANGUAGE_STANDARD = "gnu++0x";
				CLANG_CXX_LIBRARY = "libc++";
				CLANG_ENABLE_MODULES = YES;
				CLANG_ENABLE_OBJC_ARC = YES;
				CLANG_WARN_BOOL_CONVERSION = YES;
				CLANG_WARN_CONSTANT_CONVERSION = YES;
				CLANG_WARN_DIRECT_OBJC_ISA_USAGE = YES_ERROR;
				CLANG_WARN_DOCUMENTATION_COMMENTS = YES;
				CLANG_WARN_EMPTY_BODY = YES;
				CLANG_WARN_ENUM_CONVERSION = YES;
				CLANG_WARN_INFINITE_RECURSION = YES;
				CLANG_WARN_INT_CONVERSION = YES;
				CLANG_WARN_OBJC_ROOT_CLASS = YES_ERROR;
				CLANG_WARN_SUSPICIOUS_MOVES = YES;
				CLANG_WARN_UNREACHABLE_CODE = YES;
				CLANG_WARN__DUPLICATE_METHOD_MATCH = YES;
				"CODE_SIGN_IDENTITY[sdk=iphoneos*]" = "iPhone Developer";
				COPY_PHASE_STRIP = NO;
				DEBUG_INFORMATION_FORMAT = "dwarf-with-dsym";
				ENABLE_NS_ASSERTIONS = NO;
				ENABLE_STRICT_OBJC_MSGSEND = YES;
				GCC_C_LANGUAGE_STANDARD = gnu99;
				GCC_NO_COMMON_BLOCKS = YES;
				GCC_WARN_64_TO_32_BIT_CONVERSION = YES;
				GCC_WARN_ABOUT_RETURN_TYPE = YES_ERROR;
				GCC_WARN_UNDECLARED_SELECTOR = YES;
				GCC_WARN_UNINITIALIZED_AUTOS = YES_AGGRESSIVE;
				GCC_WARN_UNUSED_FUNCTION = YES;
				GCC_WARN_UNUSED_VARIABLE = YES;
				IPHONEOS_DEPLOYMENT_TARGET = 10.0;
				MTL_ENABLE_DEBUG_INFO = NO;
				SDKROOT = iphoneos;
				SWIFT_OPTIMIZATION_LEVEL = "-Owholemodule";
				VALIDATE_PRODUCT = YES;
			};
			name = Release;
		};
		A2A66CD11DE28FEC0005D354 /* Debug */ = {
			isa = XCBuildConfiguration;
			buildSettings = {
				ASSETCATALOG_COMPILER_APPICON_NAME = AppIcon;
				INFOPLIST_FILE = BlackJack_using_StackView/Info.plist;
				LD_RUNPATH_SEARCH_PATHS = "$(inherited) @executable_path/Frameworks";
				PRODUCT_BUNDLE_IDENTIFIER = "com.swtiftuts.bychris.BlackJack-using-StackView";
				PRODUCT_NAME = "$(TARGET_NAME)";
				SWIFT_VERSION = 3.0;
			};
			name = Debug;
		};
		A2A66CD21DE28FEC0005D354 /* Release */ = {
			isa = XCBuildConfiguration;
			buildSettings = {
				ASSETCATALOG_COMPILER_APPICON_NAME = AppIcon;
				INFOPLIST_FILE = BlackJack_using_StackView/Info.plist;
				LD_RUNPATH_SEARCH_PATHS = "$(inherited) @executable_path/Frameworks";
				PRODUCT_BUNDLE_IDENTIFIER = "com.swtiftuts.bychris.BlackJack-using-StackView";
				PRODUCT_NAME = "$(TARGET_NAME)";
				SWIFT_VERSION = 3.0;
			};
			name = Release;
		};
/* End XCBuildConfiguration section */

/* Begin XCConfigurationList section */
		A2A66CB91DE28FEC0005D354 /* Build configuration list for PBXProject "BlackJack_using_StackView" */ = {
			isa = XCConfigurationList;
			buildConfigurations = (
				A2A66CCE1DE28FEC0005D354 /* Debug */,
				A2A66CCF1DE28FEC0005D354 /* Release */,
			);
			defaultConfigurationIsVisible = 0;
			defaultConfigurationName = Release;
		};
		A2A66CD01DE28FEC0005D354 /* Build configuration list for PBXNativeTarget "BlackJack_using_StackView" */ = {
			isa = XCConfigurationList;
			buildConfigurations = (
				A2A66CD11DE28FEC0005D354 /* Debug */,
				A2A66CD21DE28FEC0005D354 /* Release */,
			);
			defaultConfigurationIsVisible = 0;
		};
/* End XCConfigurationList section */
	};
	rootObject = A2A66CB61DE28FEC0005D354 /* Project object */;
}
